
Microsoft Visual Studio Solution File, Format Version 12.00
# Visual Studio Version 17
VisualStudioVersion = 17.5.33424.131
MinimumVisualStudioVersion = 10.0.40219.1
Project("{8BC9CEB8-8B4A-11D0-8D11-00A0C91BC942}") = "Test_1", "Test_1\Test_1.vcxproj", "{DF32EEE6-E377-4522-86E6-C085A49EFAF1}"
EndProject
Global
	GlobalSection(SolutionConfigurationPlatforms) = preSolution
		Debug|x64 = Debug|x64
		Debug|x86 = Debug|x86
		Release|x64 = Release|x64
		Release|x86 = Release|x86
	EndGlobalSection
	GlobalSection(ProjectConfigurationPlatforms) = postSolution
		{DF32EEE6-E377-4522-86E6-C085A49EFAF1}.Debug|x64.ActiveCfg = Debug|x64
		{DF32EEE6-E377-4522-86E6-C085A49EFAF1}.Debug|x64.Build.0 = Debug|x64
		{DF32EEE6-E377-4522-86E6-C085A49EFAF1}.Debug|x86.ActiveCfg = Debug|Win32
		{DF32EEE6-E377-4522-86E6-C085A49EFAF1}.Debug|x86.Build.0 = Debug|Win32
		{DF32EEE6-E377-4522-86E6-C085A49EFAF1}.Release|x64.ActiveCfg = Release|x64
		{DF32EEE6-E377-4522-86E6-C085A49EFAF1}.Release|x64.Build.0 = Release|x64
		{DF32EEE6-E377-4522-86E6-C085A49EFAF1}.Release|x86.ActiveCfg = Release|Win32
		{DF32EEE6-E377-4522-86E6-C085A49EFAF1}.Release|x86.Build.0 = Release|Win32
	EndGlobalSection
	GlobalSection(SolutionProperties) = preSolution
		HideSolutionNode = FALSE
	EndGlobalSection
	GlobalSection(ExtensibilityGlobals) = postSolution
		SolutionGuid = {432B41DA-A790-4D58-B3F8-5EB1DD43A994}
	EndGlobalSection
EndGlobal
