
Microsoft Visual Studio Solution File, Format Version 12.00
# Visual Studio Version 17
VisualStudioVersion = 17.9.34728.123
MinimumVisualStudioVersion = 10.0.40219.1
Project("{FAE04EC0-301F-11D3-BF4B-00C04F79EFBC}") = "Reddit", "Reddit.csproj", "{8F065021-6053-4010-B3CD-DE1E3A4BDDAF}"
EndProject
Global
	GlobalSection(SolutionConfigurationPlatforms) = preSolution
		Debug|Any CPU = Debug|Any CPU
		Release|Any CPU = Release|Any CPU
	EndGlobalSection
	GlobalSection(ProjectConfigurationPlatforms) = postSolution
		{8F065021-6053-4010-B3CD-DE1E3A4BDDAF}.Debug|Any CPU.ActiveCfg = Debug|Any CPU
		{8F065021-6053-4010-B3CD-DE1E3A4BDDAF}.Debug|Any CPU.Build.0 = Debug|Any CPU
		{8F065021-6053-4010-B3CD-DE1E3A4BDDAF}.Release|Any CPU.ActiveCfg = Release|Any CPU
		{8F065021-6053-4010-B3CD-DE1E3A4BDDAF}.Release|Any CPU.Build.0 = Release|Any CPU
	EndGlobalSection
	GlobalSection(SolutionProperties) = preSolution
		HideSolutionNode = FALSE
	EndGlobalSection
	GlobalSection(ExtensibilityGlobals) = postSolution
		SolutionGuid = {1312BDD7-941D-4555-A2D5-837B1864B4B5}
	EndGlobalSection
EndGlobal
