
Microsoft Visual Studio Solution File, Format Version 12.00
# Visual Studio Version 17
VisualStudioVersion = 17.5.33424.131
MinimumVisualStudioVersion = 10.0.40219.1
Project("{8BC9CEB8-8B4A-11D0-8D11-00A0C91BC942}") = "examenOOP", "examenOOP.vcxproj", "{453262FD-ED4A-423C-A083-4E9996B40ADB}"
EndProject
Global
	GlobalSection(SolutionConfigurationPlatforms) = preSolution
		Debug|x64 = Debug|x64
		Release|x64 = Release|x64
	EndGlobalSection
	GlobalSection(ProjectConfigurationPlatforms) = postSolution
		{453262FD-ED4A-423C-A083-4E9996B40ADB}.Debug|x64.ActiveCfg = Debug|x64
		{453262FD-ED4A-423C-A083-4E9996B40ADB}.Debug|x64.Build.0 = Debug|x64
		{453262FD-ED4A-423C-A083-4E9996B40ADB}.Release|x64.ActiveCfg = Release|x64
		{453262FD-ED4A-423C-A083-4E9996B40ADB}.Release|x64.Build.0 = Release|x64
	EndGlobalSection
	GlobalSection(SolutionProperties) = preSolution
		HideSolutionNode = FALSE
	EndGlobalSection
	GlobalSection(ExtensibilityGlobals) = postSolution
		SolutionGuid = {CC5A5795-FFE8-4372-B150-E3E80D8945AD}
	EndGlobalSection
EndGlobal
