
Microsoft Visual Studio Solution File, Format Version 12.00
# Visual Studio Version 17
VisualStudioVersion = 17.5.33424.131
MinimumVisualStudioVersion = 10.0.40219.1
Project("{8BC9CEB8-8B4A-11D0-8D11-00A0C91BC942}") = "qtstar", "qtstar\qtstar.vcxproj", "{E9F23C00-08C9-4BD8-BCFF-7C613255F62B}"
EndProject
Global
	GlobalSection(SolutionConfigurationPlatforms) = preSolution
		Debug|x64 = Debug|x64
		Release|x64 = Release|x64
	EndGlobalSection
	GlobalSection(ProjectConfigurationPlatforms) = postSolution
		{E9F23C00-08C9-4BD8-BCFF-7C613255F62B}.Debug|x64.ActiveCfg = Debug|x64
		{E9F23C00-08C9-4BD8-BCFF-7C613255F62B}.Debug|x64.Build.0 = Debug|x64
		{E9F23C00-08C9-4BD8-BCFF-7C613255F62B}.Release|x64.ActiveCfg = Release|x64
		{E9F23C00-08C9-4BD8-BCFF-7C613255F62B}.Release|x64.Build.0 = Release|x64
	EndGlobalSection
	GlobalSection(SolutionProperties) = preSolution
		HideSolutionNode = FALSE
	EndGlobalSection
	GlobalSection(ExtensibilityGlobals) = postSolution
		SolutionGuid = {A9FBC993-17EF-41DB-8A12-8AA35E9E7F7B}
	EndGlobalSection
EndGlobal
